
Microsoft Visual Studio Solution File, Format Version 11.00
# Visual Studio 2010
Project("{888888A0-9F3D-457C-B088-3A5042F75D52}") = "TeaFiles", "TeaFiles.pyproj", "{F7FDC9F6-8A85-47F6-85DC-B48380A978CA}"
EndProject
Global
	GlobalSection(SolutionConfigurationPlatforms) = preSolution
		Debug|Any CPU = Debug|Any CPU
		Release|Any CPU = Release|Any CPU
	EndGlobalSection
	GlobalSection(ProjectConfigurationPlatforms) = postSolution
		{F7FDC9F6-8A85-47F6-85DC-B48380A978CA}.Debug|Any CPU.ActiveCfg = Debug|Any CPU
		{F7FDC9F6-8A85-47F6-85DC-B48380A978CA}.Release|Any CPU.ActiveCfg = Release|Any CPU
	EndGlobalSection
	GlobalSection(SolutionProperties) = preSolution
		HideSolutionNode = FALSE
	EndGlobalSection
EndGlobal
